{
  "name": "pidev-week6",
  "lockfileVersion": 2,
  "requires": true,
  "packages": {
    "": {
      "name": "pidev-week6",
      "dependencies": {
        "botpress": "^0.0.1"
      }
    },
    "node_modules/botpress": {
      "version": "0.0.1",
      "resolved": "https://registry.npmjs.org/botpress/-/botpress-0.0.1.tgz",
      "integrity": "sha512-EiWmzvoUv8n7DnYjfKg9zATdCwOWZbYtVYKGEt7SFqA+Yv90+OWCTXBmopz/tIxYUDlt3xLT7xOwQPNVfWMK6g==",
      "deprecated": "Package no longer supported. Contact Support at https://www.npmjs.com/support for more info."
    }
  },
  "dependencies": {
    "botpress": {
      "version": "0.0.1",
      "resolved": "https://registry.npmjs.org/botpress/-/botpress-0.0.1.tgz",
      "integrity": "sha512-EiWmzvoUv8n7DnYjfKg9zATdCwOWZbYtVYKGEt7SFqA+Yv90+OWCTXBmopz/tIxYUDlt3xLT7xOwQPNVfWMK6g=="
    }
  }
}
